<?xml version="1.0" encoding="utf-8"?>
<Project ToolsVersion="4.0" xmlns="http://schemas.microsoft.com/developer/msbuild/2003">
  <ItemGroup>
    <Filter Include="Source Files">
      <UniqueIdentifier>{4FC737F1-C7A5-4376-A066-2A32D752A2FF}</UniqueIdentifier>
      <Extensions>cpp;c;cc;cxx;def;odl;idl;hpj;bat;asm;asmx</Extensions>
    </Filter>
    <Filter Include="Header Files">
      <UniqueIdentifier>{93995380-89BD-4b04-88EB-625FBE52EBFB}</UniqueIdentifier>
      <Extensions>h;hh;hpp;hxx;hm;inl;inc;xsd</Extensions>
    </Filter>
    <Filter Include="Resource Files">
      <UniqueIdentifier>{67DA6AB6-F800-4c08-8B7A-83BB121AAD01}</UniqueIdentifier>
      <Extensions>rc;ico;cur;bmp;dlg;rc2;rct;bin;rgs;gif;jpg;jpeg;jpe;resx;tiff;tif;png;wav;mfcribbon-ms</Extensions>
    </Filter>
  </ItemGroup>
  <ItemGroup>
    <Text Include="ReadMe.txt" />
  </ItemGroup>
  <ItemGroup>
    <ClInclude Include="common\vkAssert.h">
      <Filter>Header Files</Filter>
    </ClInclude>
    <ClInclude Include="common\vk_constants.h">
      <Filter>Header Files</Filter>
    </ClInclude>
    <ClInclude Include="common\VkDebug.h">
      <Filter>Header Files</Filter>
    </ClInclude>
    <ClInclude Include="common\CreateInfoBase.h">
      <Filter>Header Files</Filter>
    </ClInclude>
    <ClInclude Include="command\CommandPool.h">
      <Filter>Header Files</Filter>
    </ClInclude>
    <ClInclude Include="command\TransferPool.h">
      <Filter>Header Files</Filter>
    </ClInclude>
    <ClInclude Include="common\CommonDef.h">
      <Filter>Header Files</Filter>
    </ClInclude>
    <ClInclude Include="common\CommonUtil.h">
      <Filter>Header Files</Filter>
    </ClInclude>
    <ClInclude Include="core\Camera.h">
      <Filter>Header Files</Filter>
    </ClInclude>
    <ClInclude Include="core\Instance.h">
      <Filter>Header Files</Filter>
    </ClInclude>
    <ClInclude Include="core\LogicalDevice.h">
      <Filter>Header Files</Filter>
    </ClInclude>
    <ClInclude Include="core\PhysicalDevice.h">
      <Filter>Header Files</Filter>
    </ClInclude>
    <ClInclude Include="gui\imguiShaders.h">
      <Filter>Header Files</Filter>
    </ClInclude>
    <ClInclude Include="gui\imguiWrapper.h">
      <Filter>Header Files</Filter>
    </ClInclude>
    <ClInclude Include="render\Deferred.h">
      <Filter>Header Files</Filter>
    </ClInclude>
    <ClInclude Include="render\DepthStencil.h">
      <Filter>Header Files</Filter>
    </ClInclude>
    <ClInclude Include="render\Framebuffer.h">
      <Filter>Header Files</Filter>
    </ClInclude>
    <ClInclude Include="render\GraphicsPipeline.h">
      <Filter>Header Files</Filter>
    </ClInclude>
    <ClInclude Include="render\Multisampling.h">
      <Filter>Header Files</Filter>
    </ClInclude>
    <ClInclude Include="render\Renderpass.h">
      <Filter>Header Files</Filter>
    </ClInclude>
    <ClInclude Include="render\Swapchain.h">
      <Filter>Header Files</Filter>
    </ClInclude>
    <ClInclude Include="resource\Allocator.h">
      <Filter>Header Files</Filter>
    </ClInclude>
    <ClInclude Include="resource\Buffer.h">
      <Filter>Header Files</Filter>
    </ClInclude>
    <ClInclude Include="resource\Image.h">
      <Filter>Header Files</Filter>
    </ClInclude>
    <ClInclude Include="resource\PipelineCache.h">
      <Filter>Header Files</Filter>
    </ClInclude>
    <ClInclude Include="resource\ShaderModule.h">
      <Filter>Header Files</Filter>
    </ClInclude>
    <ClInclude Include="resource\Texture.h">
      <Filter>Header Files</Filter>
    </ClInclude>
    <ClInclude Include="resource\VertexTypes.h">
      <Filter>Header Files</Filter>
    </ClInclude>
    <ClInclude Include="BaseScene.h">
      <Filter>Header Files</Filter>
    </ClInclude>
    <ClInclude Include="ForwardDecl.h">
      <Filter>Header Files</Filter>
    </ClInclude>
    <ClInclude Include="NonCopyable.h">
      <Filter>Header Files</Filter>
    </ClInclude>
    <ClInclude Include="util\AABB.h">
      <Filter>Header Files</Filter>
    </ClInclude>
    <ClInclude Include="util\easylogging++.h">
      <Filter>Header Files</Filter>
    </ClInclude>
    <ClInclude Include="gui\imgui_lib\imgui.h">
      <Filter>Header Files</Filter>
    </ClInclude>
    <ClInclude Include="gui\imgui_lib\imgui_internal.h">
      <Filter>Header Files</Filter>
    </ClInclude>
    <ClInclude Include="gui\imgui_lib\imconfig.h">
      <Filter>Header Files</Filter>
    </ClInclude>
    <ClInclude Include="vpr_stdafx.h">
      <Filter>Header Files</Filter>
    </ClInclude>
  </ItemGroup>
  <ItemGroup>
    <ClCompile Include="VulpesRender2.cpp">
      <Filter>Source Files</Filter>
    </ClCompile>
    <ClCompile Include="command\CommandPool.cpp">
      <Filter>Source Files</Filter>
    </ClCompile>
    <ClCompile Include="command\TransferPool.cpp">
      <Filter>Source Files</Filter>
    </ClCompile>
    <ClCompile Include="core\Instance.cpp">
      <Filter>Source Files</Filter>
    </ClCompile>
    <ClCompile Include="core\LogicalDevice.cpp">
      <Filter>Source Files</Filter>
    </ClCompile>
    <ClCompile Include="core\PhysicalDevice.cpp">
      <Filter>Source Files</Filter>
    </ClCompile>
    <ClCompile Include="gui\imguiWrapper.cpp">
      <Filter>Source Files</Filter>
    </ClCompile>
    <ClCompile Include="render\DepthStencil.cpp">
      <Filter>Source Files</Filter>
    </ClCompile>
    <ClCompile Include="render\Framebuffer.cpp">
      <Filter>Source Files</Filter>
    </ClCompile>
    <ClCompile Include="render\GraphicsPipeline.cpp">
      <Filter>Source Files</Filter>
    </ClCompile>
    <ClCompile Include="render\Multisampling.cpp">
      <Filter>Source Files</Filter>
    </ClCompile>
    <ClCompile Include="render\Renderpass.cpp">
      <Filter>Source Files</Filter>
    </ClCompile>
    <ClCompile Include="render\Swapchain.cpp">
      <Filter>Source Files</Filter>
    </ClCompile>
    <ClCompile Include="resource\Allocator.cpp">
      <Filter>Source Files</Filter>
    </ClCompile>
    <ClCompile Include="resource\Buffer.cpp">
      <Filter>Source Files</Filter>
    </ClCompile>
    <ClCompile Include="resource\Image.cpp">
      <Filter>Source Files</Filter>
    </ClCompile>
    <ClCompile Include="resource\PipelineCache.cpp">
      <Filter>Source Files</Filter>
    </ClCompile>
    <ClCompile Include="resource\ShaderModule.cpp">
      <Filter>Source Files</Filter>
    </ClCompile>
    <ClCompile Include="BaseScene.cpp">
      <Filter>Source Files</Filter>
    </ClCompile>
    <ClCompile Include="util\AABB.cpp">
      <Filter>Source Files</Filter>
    </ClCompile>
    <ClCompile Include="util\easylogging++.cc">
      <Filter>Source Files</Filter>
    </ClCompile>
    <ClCompile Include="gui\imgui_lib\imgui_draw.cpp">
      <Filter>Source Files</Filter>
    </ClCompile>
    <ClCompile Include="gui\imgui_lib\imgui.cpp">
      <Filter>Source Files</Filter>
    </ClCompile>
    <ClCompile Include="vpr_stdafx.cpp">
      <Filter>Source Files</Filter>
    </ClCompile>
  </ItemGroup>
  <ItemGroup>
    <None Include="assets\shaders\triangle\triangle.vert" />
    <None Include="assets\shaders\triangle\triangle.frag" />
    <None Include="assets\shaders\triangle\triangle.vert.spv" />
    <None Include="assets\shaders\triangle\triangle.frag.spv" />
    <None Include="assets\shaders\depth_test\depth.frag" />
    <None Include="assets\shaders\depth_test\depth.vert" />
    <None Include="assets\shaders\house\house.vert" />
    <None Include="assets\shaders\house\house.frag" />
    <None Include="assets\shaders\dynamicuniformbuffer\base.vert" />
    <None Include="assets\shaders\dynamicuniformbuffer\base.frag" />
  </ItemGroup>
</Project>